
Microsoft Visual Studio Solution File, Format Version 12.00
# Visual Studio 15
VisualStudioVersion = 15.0.26730.16
MinimumVisualStudioVersion = 10.0.40219.1
Project("{FAE04EC0-301F-11D3-BF4B-00C04F79EFBC}") = "QL_Internet", "QL_Internet.csproj", "{A934517C-09D0-4F10-A61C-44E8922E16B4}"
EndProject
Global
	GlobalSection(SolutionConfigurationPlatforms) = preSolution
		Debug|Any CPU = Debug|Any CPU
		Release|Any CPU = Release|Any CPU
	EndGlobalSection
	GlobalSection(ProjectConfigurationPlatforms) = postSolution
		{A934517C-09D0-4F10-A61C-44E8922E16B4}.Debug|Any CPU.ActiveCfg = Debug|Any CPU
		{A934517C-09D0-4F10-A61C-44E8922E16B4}.Debug|Any CPU.Build.0 = Debug|Any CPU
		{A934517C-09D0-4F10-A61C-44E8922E16B4}.Release|Any CPU.ActiveCfg = Release|Any CPU
		{A934517C-09D0-4F10-A61C-44E8922E16B4}.Release|Any CPU.Build.0 = Release|Any CPU
	EndGlobalSection
	GlobalSection(SolutionProperties) = preSolution
		HideSolutionNode = FALSE
	EndGlobalSection
	GlobalSection(ExtensibilityGlobals) = postSolution
		SolutionGuid = {516B8C25-AB28-4DA2-AC55-2ECE8ED2C383}
	EndGlobalSection
EndGlobal
